// !$*UTF8*$!
{
	archiveVersion = 1;
	classes = {
	};
	objectVersion = 46;
	objects = {

/* Begin PBXBuildFile section */
		63C22EE61F06CCF2005EFE87 /* AppDelegate.swift in Sources */ = {isa = PBXBuildFile; fileRef = 63C22EE51F06CCF2005EFE87 /* AppDelegate.swift */; };
		63C22EE81F06CCF2005EFE87 /* ViewController.swift in Sources */ = {isa = PBXBuildFile; fileRef = 63C22EE71F06CCF2005EFE87 /* ViewController.swift */; };
		63C22EEB1F06CCF2005EFE87 /* Main.storyboard in Resources */ = {isa = PBXBuildFile; fileRef = 63C22EE91F06CCF2005EFE87 /* Main.storyboard */; };
		63C22EED1F06CCF2005EFE87 /* Assets.xcassets in Resources */ = {isa = PBXBuildFile; fileRef = 63C22EEC1F06CCF2005EFE87 /* Assets.xcassets */; };
		63C22EF01F06CCF2005EFE87 /* LaunchScreen.storyboard in Resources */ = {isa = PBXBuildFile; fileRef = 63C22EEE1F06CCF2005EFE87 /* LaunchScreen.storyboard */; };
		63C22EFB1F06CCF2005EFE87 /* Physics_CalculatorTests.swift in Sources */ = {isa = PBXBuildFile; fileRef = 63C22EFA1F06CCF2005EFE87 /* Physics_CalculatorTests.swift */; };
		63C22F061F06CCF2005EFE87 /* Physics_CalculatorUITests.swift in Sources */ = {isa = PBXBuildFile; fileRef = 63C22F051F06CCF2005EFE87 /* Physics_CalculatorUITests.swift */; };
/* End PBXBuildFile section */

/* Begin PBXContainerItemProxy section */
		63C22EF71F06CCF2005EFE87 /* PBXContainerItemProxy */ = {
			isa = PBXContainerItemProxy;
			containerPortal = 63C22EDA1F06CCF2005EFE87 /* Project object */;
			proxyType = 1;
			remoteGlobalIDString = 63C22EE11F06CCF2005EFE87;
			remoteInfo = "Physics Calculator";
		};
		63C22F021F06CCF2005EFE87 /* PBXContainerItemProxy */ = {
			isa = PBXContainerItemProxy;
			containerPortal = 63C22EDA1F06CCF2005EFE87 /* Project object */;
			proxyType = 1;
			remoteGlobalIDString = 63C22EE11F06CCF2005EFE87;
			remoteInfo = "Physics Calculator";
		};
/* End PBXContainerItemProxy section */

/* Begin PBXFileReference section */
		63C22EE21F06CCF2005EFE87 /* Physics Calculator.app */ = {isa = PBXFileReference; explicitFileType = wrapper.application; includeInIndex = 0; path = "Physics Calculator.app"; sourceTree = BUILT_PRODUCTS_DIR; };
		63C22EE51F06CCF2005EFE87 /* AppDelegate.swift */ = {isa = PBXFileReference; lastKnownFileType = sourcecode.swift; path = AppDelegate.swift; sourceTree = "<group>"; };
		63C22EE71F06CCF2005EFE87 /* ViewController.swift */ = {isa = PBXFileReference; lastKnownFileType = sourcecode.swift; path = ViewController.swift; sourceTree = "<group>"; };
		63C22EEA1F06CCF2005EFE87 /* Base */ = {isa = PBXFileReference; lastKnownFileType = file.storyboard; name = Base; path = Base.lproj/Main.storyboard; sourceTree = "<group>"; };
		63C22EEC1F06CCF2005EFE87 /* Assets.xcassets */ = {isa = PBXFileReference; lastKnownFileType = folder.assetcatalog; path = Assets.xcassets; sourceTree = "<group>"; };
		63C22EEF1F06CCF2005EFE87 /* Base */ = {isa = PBXFileReference; lastKnownFileType = file.storyboard; name = Base; path = Base.lproj/LaunchScreen.storyboard; sourceTree = "<group>"; };
		63C22EF11F06CCF2005EFE87 /* Info.plist */ = {isa = PBXFileReference; lastKnownFileType = text.plist.xml; path = Info.plist; sourceTree = "<group>"; };
		63C22EF61F06CCF2005EFE87 /* Physics CalculatorTests.xctest */ = {isa = PBXFileReference; explicitFileType = wrapper.cfbundle; includeInIndex = 0; path = "Physics CalculatorTests.xctest"; sourceTree = BUILT_PRODUCTS_DIR; };
		63C22EFA1F06CCF2005EFE87 /* Physics_CalculatorTests.swift */ = {isa = PBXFileReference; lastKnownFileType = sourcecode.swift; path = Physics_CalculatorTests.swift; sourceTree = "<group>"; };
		63C22EFC1F06CCF2005EFE87 /* Info.plist */ = {isa = PBXFileReference; lastKnownFileType = text.plist.xml; path = Info.plist; sourceTree = "<group>"; };
		63C22F011F06CCF2005EFE87 /* Physics CalculatorUITests.xctest */ = {isa = PBXFileReference; explicitFileType = wrapper.cfbundle; includeInIndex = 0; path = "Physics CalculatorUITests.xctest"; sourceTree = BUILT_PRODUCTS_DIR; };
		63C22F051F06CCF2005EFE87 /* Physics_CalculatorUITests.swift */ = {isa = PBXFileReference; lastKnownFileType = sourcecode.swift; path = Physics_CalculatorUITests.swift; sourceTree = "<group>"; };
		63C22F071F06CCF2005EFE87 /* Info.plist */ = {isa = PBXFileReference; lastKnownFileType = text.plist.xml; path = Info.plist; sourceTree = "<group>"; };
/* End PBXFileReference section */

/* Begin PBXFrameworksBuildPhase section */
		63C22EDF1F06CCF2005EFE87 /* Frameworks */ = {
			isa = PBXFrameworksBuildPhase;
			buildActionMask = 2147483647;
			files = (
			);
			runOnlyForDeploymentPostprocessing = 0;
		};
		63C22EF31F06CCF2005EFE87 /* Frameworks */ = {
			isa = PBXFrameworksBuildPhase;
			buildActionMask = 2147483647;
			files = (
			);
			runOnlyForDeploymentPostprocessing = 0;
		};
		63C22EFE1F06CCF2005EFE87 /* Frameworks */ = {
			isa = PBXFrameworksBuildPhase;
			buildActionMask = 2147483647;
			files = (
			);
			runOnlyForDeploymentPostprocessing = 0;
		};
/* End PBXFrameworksBuildPhase section */

/* Begin PBXGroup section */
		63C22ED91F06CCF2005EFE87 = {
			isa = PBXGroup;
			children = (
				63C22EE41F06CCF2005EFE87 /* Physics Calculator */,
				63C22EF91F06CCF2005EFE87 /* Physics CalculatorTests */,
				63C22F041F06CCF2005EFE87 /* Physics CalculatorUITests */,
				63C22EE31F06CCF2005EFE87 /* Products */,
			);
			sourceTree = "<group>";
		};
		63C22EE31F06CCF2005EFE87 /* Products */ = {
			isa = PBXGroup;
			children = (
				63C22EE21F06CCF2005EFE87 /* Physics Calculator.app */,
				63C22EF61F06CCF2005EFE87 /* Physics CalculatorTests.xctest */,
				63C22F011F06CCF2005EFE87 /* Physics CalculatorUITests.xctest */,
			);
			name = Products;
			sourceTree = "<group>";
		};
		63C22EE41F06CCF2005EFE87 /* Physics Calculator */ = {
			isa = PBXGroup;
			children = (
				63C22EE51F06CCF2005EFE87 /* AppDelegate.swift */,
				63C22EE71F06CCF2005EFE87 /* ViewController.swift */,
				63C22EE91F06CCF2005EFE87 /* Main.storyboard */,
				63C22EEC1F06CCF2005EFE87 /* Assets.xcassets */,
				63C22EEE1F06CCF2005EFE87 /* LaunchScreen.storyboard */,
				63C22EF11F06CCF2005EFE87 /* Info.plist */,
			);
			path = "Physics Calculator";
			sourceTree = "<group>";
		};
		63C22EF91F06CCF2005EFE87 /* Physics CalculatorTests */ = {
			isa = PBXGroup;
			children = (
				63C22EFA1F06CCF2005EFE87 /* Physics_CalculatorTests.swift */,
				63C22EFC1F06CCF2005EFE87 /* Info.plist */,
			);
			path = "Physics CalculatorTests";
			sourceTree = "<group>";
		};
		63C22F041F06CCF2005EFE87 /* Physics CalculatorUITests */ = {
			isa = PBXGroup;
			children = (
				63C22F051F06CCF2005EFE87 /* Physics_CalculatorUITests.swift */,
				63C22F071F06CCF2005EFE87 /* Info.plist */,
			);
			path = "Physics CalculatorUITests";
			sourceTree = "<group>";
		};
/* End PBXGroup section */

/* Begin PBXNativeTarget section */
		63C22EE11F06CCF2005EFE87 /* Physics Calculator */ = {
			isa = PBXNativeTarget;
			buildConfigurationList = 63C22F0A1F06CCF2005EFE87 /* Build configuration list for PBXNativeTarget "Physics Calculator" */;
			buildPhases = (
				63C22EDE1F06CCF2005EFE87 /* Sources */,
				63C22EDF1F06CCF2005EFE87 /* Frameworks */,
				63C22EE01F06CCF2005EFE87 /* Resources */,
			);
			buildRules = (
			);
			dependencies = (
			);
			name = "Physics Calculator";
			productName = "Physics Calculator";
			productReference = 63C22EE21F06CCF2005EFE87 /* Physics Calculator.app */;
			productType = "com.apple.product-type.application";
		};
		63C22EF51F06CCF2005EFE87 /* Physics CalculatorTests */ = {
			isa = PBXNativeTarget;
			buildConfigurationList = 63C22F0D1F06CCF2005EFE87 /* Build configuration list for PBXNativeTarget "Physics CalculatorTests" */;
			buildPhases = (
				63C22EF21F06CCF2005EFE87 /* Sources */,
				63C22EF31F06CCF2005EFE87 /* Frameworks */,
				63C22EF41F06CCF2005EFE87 /* Resources */,
			);
			buildRules = (
			);
			dependencies = (
				63C22EF81F06CCF2005EFE87 /* PBXTargetDependency */,
			);
			name = "Physics CalculatorTests";
			productName = "Physics CalculatorTests";
			productReference = 63C22EF61F06CCF2005EFE87 /* Physics CalculatorTests.xctest */;
			productType = "com.apple.product-type.bundle.unit-test";
		};
		63C22F001F06CCF2005EFE87 /* Physics CalculatorUITests */ = {
			isa = PBXNativeTarget;
			buildConfigurationList = 63C22F101F06CCF2005EFE87 /* Build configuration list for PBXNativeTarget "Physics CalculatorUITests" */;
			buildPhases = (
				63C22EFD1F06CCF2005EFE87 /* Sources */,
				63C22EFE1F06CCF2005EFE87 /* Frameworks */,
				63C22EFF1F06CCF2005EFE87 /* Resources */,
			);
			buildRules = (
			);
			dependencies = (
				63C22F031F06CCF2005EFE87 /* PBXTargetDependency */,
			);
			name = "Physics CalculatorUITests";
			productName = "Physics CalculatorUITests";
			productReference = 63C22F011F06CCF2005EFE87 /* Physics CalculatorUITests.xctest */;
			productType = "com.apple.product-type.bundle.ui-testing";
		};
/* End PBXNativeTarget section */

/* Begin PBXProject section */
		63C22EDA1F06CCF2005EFE87 /* Project object */ = {
			isa = PBXProject;
			attributes = {
				LastSwiftUpdateCheck = 0830;
				LastUpgradeCheck = 0830;
				ORGANIZATIONNAME = "Alexandra Stavrakos";
				TargetAttributes = {
					63C22EE11F06CCF2005EFE87 = {
						CreatedOnToolsVersion = 8.3.3;
						ProvisioningStyle = Automatic;
					};
					63C22EF51F06CCF2005EFE87 = {
						CreatedOnToolsVersion = 8.3.3;
						ProvisioningStyle = Automatic;
						TestTargetID = 63C22EE11F06CCF2005EFE87;
					};
					63C22F001F06CCF2005EFE87 = {
						CreatedOnToolsVersion = 8.3.3;
						ProvisioningStyle = Automatic;
						TestTargetID = 63C22EE11F06CCF2005EFE87;
					};
				};
			};
			buildConfigurationList = 63C22EDD1F06CCF2005EFE87 /* Build configuration list for PBXProject "Physics Calculator" */;
			compatibilityVersion = "Xcode 3.2";
			developmentRegion = English;
			hasScannedForEncodings = 0;
			knownRegions = (
				en,
				Base,
			);
			mainGroup = 63C22ED91F06CCF2005EFE87;
			productRefGroup = 63C22EE31F06CCF2005EFE87 /* Products */;
			projectDirPath = "";
			projectRoot = "";
			targets = (
				63C22EE11F06CCF2005EFE87 /* Physics Calculator */,
				63C22EF51F06CCF2005EFE87 /* Physics CalculatorTests */,
				63C22F001F06CCF2005EFE87 /* Physics CalculatorUITests */,
			);
		};
/* End PBXProject section */

/* Begin PBXResourcesBuildPhase section */
		63C22EE01F06CCF2005EFE87 /* Resources */ = {
			isa = PBXResourcesBuildPhase;
			buildActionMask = 2147483647;
			files = (
				63C22EF01F06CCF2005EFE87 /* LaunchScreen.storyboard in Resources */,
				63C22EED1F06CCF2005EFE87 /* Assets.xcassets in Resources */,
				63C22EEB1F06CCF2005EFE87 /* Main.storyboard in Resources */,
			);
			runOnlyForDeploymentPostprocessing = 0;
		};
		63C22EF41F06CCF2005EFE87 /* Resources */ = {
			isa = PBXResourcesBuildPhase;
			buildActionMask = 2147483647;
			files = (
			);
			runOnlyForDeploymentPostprocessing = 0;
		};
		63C22EFF1F06CCF2005EFE87 /* Resources */ = {
			isa = PBXResourcesBuildPhase;
			buildActionMask = 2147483647;
			files = (
			);
			runOnlyForDeploymentPostprocessing = 0;
		};
/* End PBXResourcesBuildPhase section */

/* Begin PBXSourcesBuildPhase section */
		63C22EDE1F06CCF2005EFE87 /* Sources */ = {
			isa = PBXSourcesBuildPhase;
			buildActionMask = 2147483647;
			files = (
				63C22EE81F06CCF2005EFE87 /* ViewController.swift in Sources */,
				63C22EE61F06CCF2005EFE87 /* AppDelegate.swift in Sources */,
			);
			runOnlyForDeploymentPostprocessing = 0;
		};
		63C22EF21F06CCF2005EFE87 /* Sources */ = {
			isa = PBXSourcesBuildPhase;
			buildActionMask = 2147483647;
			files = (
				63C22EFB1F06CCF2005EFE87 /* Physics_CalculatorTests.swift in Sources */,
			);
			runOnlyForDeploymentPostprocessing = 0;
		};
		63C22EFD1F06CCF2005EFE87 /* Sources */ = {
			isa = PBXSourcesBuildPhase;
			buildActionMask = 2147483647;
			files = (
				63C22F061F06CCF2005EFE87 /* Physics_CalculatorUITests.swift in Sources */,
			);
			runOnlyForDeploymentPostprocessing = 0;
		};
/* End PBXSourcesBuildPhase section */

/* Begin PBXTargetDependency section */
		63C22EF81F06CCF2005EFE87 /* PBXTargetDependency */ = {
			isa = PBXTargetDependency;
			target = 63C22EE11F06CCF2005EFE87 /* Physics Calculator */;
			targetProxy = 63C22EF71F06CCF2005EFE87 /* PBXContainerItemProxy */;
		};
		63C22F031F06CCF2005EFE87 /* PBXTargetDependency */ = {
			isa = PBXTargetDependency;
			target = 63C22EE11F06CCF2005EFE87 /* Physics Calculator */;
			targetProxy = 63C22F021F06CCF2005EFE87 /* PBXContainerItemProxy */;
		};
/* End PBXTargetDependency section */

/* Begin PBXVariantGroup section */
		63C22EE91F06CCF2005EFE87 /* Main.storyboard */ = {
			isa = PBXVariantGroup;
			children = (
				63C22EEA1F06CCF2005EFE87 /* Base */,
			);
			name = Main.storyboard;
			sourceTree = "<group>";
		};
		63C22EEE1F06CCF2005EFE87 /* LaunchScreen.storyboard */ = {
			isa = PBXVariantGroup;
			children = (
				63C22EEF1F06CCF2005EFE87 /* Base */,
			);
			name = LaunchScreen.storyboard;
			sourceTree = "<group>";
		};
/* End PBXVariantGroup section */

/* Begin XCBuildConfiguration section */
		63C22F081F06CCF2005EFE87 /* Debug */ = {
			isa = XCBuildConfiguration;
			buildSettings = {
				ALWAYS_SEARCH_USER_PATHS = NO;
				CLANG_ANALYZER_NONNULL = YES;
				CLANG_ANALYZER_NUMBER_OBJECT_CONVERSION = YES_AGGRESSIVE;
				CLANG_CXX_LANGUAGE_STANDARD = "gnu++0x";
				CLANG_CXX_LIBRARY = "libc++";
				CLANG_ENABLE_MODULES = YES;
				CLANG_ENABLE_OBJC_ARC = YES;
				CLANG_WARN_BOOL_CONVERSION = YES;
				CLANG_WARN_CONSTANT_CONVERSION = YES;
				CLANG_WARN_DIRECT_OBJC_ISA_USAGE = YES_ERROR;
				CLANG_WARN_DOCUMENTATION_COMMENTS = YES;
				CLANG_WARN_EMPTY_BODY = YES;
				CLANG_WARN_ENUM_CONVERSION = YES;
				CLANG_WARN_INFINITE_RECURSION = YES;
				CLANG_WARN_INT_CONVERSION = YES;
				CLANG_WARN_OBJC_ROOT_CLASS = YES_ERROR;
				CLANG_WARN_SUSPICIOUS_MOVE = YES;
				CLANG_WARN_UNREACHABLE_CODE = YES;
				CLANG_WARN__DUPLICATE_METHOD_MATCH = YES;
				"CODE_SIGN_IDENTITY[sdk=iphoneos*]" = "iPhone Developer";
				COPY_PHASE_STRIP = NO;
				DEBUG_INFORMATION_FORMAT = dwarf;
				ENABLE_STRICT_OBJC_MSGSEND = YES;
				ENABLE_TESTABILITY = YES;
				GCC_C_LANGUAGE_STANDARD = gnu99;
				GCC_DYNAMIC_NO_PIC = NO;
				GCC_NO_COMMON_BLOCKS = YES;
				GCC_OPTIMIZATION_LEVEL = 0;
				GCC_PREPROCESSOR_DEFINITIONS = (
					"DEBUG=1",
					"$(inherited)",
				);
				GCC_WARN_64_TO_32_BIT_CONVERSION = YES;
				GCC_WARN_ABOUT_RETURN_TYPE = YES_ERROR;
				GCC_WARN_UNDECLARED_SELECTOR = YES;
				GCC_WARN_UNINITIALIZED_AUTOS = YES_AGGRESSIVE;
				GCC_WARN_UNUSED_FUNCTION = YES;
				GCC_WARN_UNUSED_VARIABLE = YES;
				IPHONEOS_DEPLOYMENT_TARGET = 10.3;
				MTL_ENABLE_DEBUG_INFO = YES;
				ONLY_ACTIVE_ARCH = YES;
				SDKROOT = iphoneos;
				SWIFT_ACTIVE_COMPILATION_CONDITIONS = DEBUG;
				SWIFT_OPTIMIZATION_LEVEL = "-Onone";
			};
			name = Debug;
		};
		63C22F091F06CCF2005EFE87 /* Release */ = {
			isa = XCBuildConfiguration;
			buildSettings = {
				ALWAYS_SEARCH_USER_PATHS = NO;
				CLANG_ANALYZER_NONNULL = YES;
				CLANG_ANALYZER_NUMBER_OBJECT_CONVERSION = YES_AGGRESSIVE;
				CLANG_CXX_LANGUAGE_STANDARD = "gnu++0x";
				CLANG_CXX_LIBRARY = "libc++";
				CLANG_ENABLE_MODULES = YES;
				CLANG_ENABLE_OBJC_ARC = YES;
				CLANG_WARN_BOOL_CONVERSION = YES;
				CLANG_WARN_CONSTANT_CONVERSION = YES;
				CLANG_WARN_DIRECT_OBJC_ISA_USAGE = YES_ERROR;
				CLANG_WARN_DOCUMENTATION_COMMENTS = YES;
				CLANG_WARN_EMPTY_BODY = YES;
				CLANG_WARN_ENUM_CONVERSION = YES;
				CLANG_WARN_INFINITE_RECURSION = YES;
				CLANG_WARN_INT_CONVERSION = YES;
				CLANG_WARN_OBJC_ROOT_CLASS = YES_ERROR;
				CLANG_WARN_SUSPICIOUS_MOVE = YES;
				CLANG_WARN_UNREACHABLE_CODE = YES;
				CLANG_WARN__DUPLICATE_METHOD_MATCH = YES;
				"CODE_SIGN_IDENTITY[sdk=iphoneos*]" = "iPhone Developer";
				COPY_PHASE_STRIP = NO;
				DEBUG_INFORMATION_FORMAT = "dwarf-with-dsym";
				ENABLE_NS_ASSERTIONS = NO;
				ENABLE_STRICT_OBJC_MSGSEND = YES;
				GCC_C_LANGUAGE_STANDARD = gnu99;
				GCC_NO_COMMON_BLOCKS = YES;
				GCC_WARN_64_TO_32_BIT_CONVERSION = YES;
				GCC_WARN_ABOUT_RETURN_TYPE = YES_ERROR;
				GCC_WARN_UNDECLARED_SELECTOR = YES;
				GCC_WARN_UNINITIALIZED_AUTOS = YES_AGGRESSIVE;
				GCC_WARN_UNUSED_FUNCTION = YES;
				GCC_WARN_UNUSED_VARIABLE = YES;
				IPHONEOS_DEPLOYMENT_TARGET = 10.3;
				MTL_ENABLE_DEBUG_INFO = NO;
				SDKROOT = iphoneos;
				SWIFT_OPTIMIZATION_LEVEL = "-Owholemodule";
				VALIDATE_PRODUCT = YES;
			};
			name = Release;
		};
		63C22F0B1F06CCF2005EFE87 /* Debug */ = {
			isa = XCBuildConfiguration;
			buildSettings = {
				ASSETCATALOG_COMPILER_APPICON_NAME = AppIcon;
				INFOPLIST_FILE = "Physics Calculator/Info.plist";
				LD_RUNPATH_SEARCH_PATHS = "$(inherited) @executable_path/Frameworks";
				PRODUCT_BUNDLE_IDENTIFIER = "lstavrakos.Physics-Calculator";
				PRODUCT_NAME = "$(TARGET_NAME)";
				SWIFT_VERSION = 3.0;
			};
			name = Debug;
		};
		63C22F0C1F06CCF2005EFE87 /* Release */ = {
			isa = XCBuildConfiguration;
			buildSettings = {
				ASSETCATALOG_COMPILER_APPICON_NAME = AppIcon;
				INFOPLIST_FILE = "Physics Calculator/Info.plist";
				LD_RUNPATH_SEARCH_PATHS = "$(inherited) @executable_path/Frameworks";
				PRODUCT_BUNDLE_IDENTIFIER = "lstavrakos.Physics-Calculator";
				PRODUCT_NAME = "$(TARGET_NAME)";
				SWIFT_VERSION = 3.0;
			};
			name = Release;
		};
		63C22F0E1F06CCF2005EFE87 /* Debug */ = {
			isa = XCBuildConfiguration;
			buildSettings = {
				ALWAYS_EMBED_SWIFT_STANDARD_LIBRARIES = YES;
				BUNDLE_LOADER = "$(TEST_HOST)";
				INFOPLIST_FILE = "Physics CalculatorTests/Info.plist";
				LD_RUNPATH_SEARCH_PATHS = "$(inherited) @executable_path/Frameworks @loader_path/Frameworks";
				PRODUCT_BUNDLE_IDENTIFIER = "lstavrakos.Physics-CalculatorTests";
				PRODUCT_NAME = "$(TARGET_NAME)";
				SWIFT_VERSION = 3.0;
				TEST_HOST = "$(BUILT_PRODUCTS_DIR)/Physics Calculator.app/Physics Calculator";
			};
			name = Debug;
		};
		63C22F0F1F06CCF2005EFE87 /* Release */ = {
			isa = XCBuildConfiguration;
			buildSettings = {
				ALWAYS_EMBED_SWIFT_STANDARD_LIBRARIES = YES;
				BUNDLE_LOADER = "$(TEST_HOST)";
				INFOPLIST_FILE = "Physics CalculatorTests/Info.plist";
				LD_RUNPATH_SEARCH_PATHS = "$(inherited) @executable_path/Frameworks @loader_path/Frameworks";
				PRODUCT_BUNDLE_IDENTIFIER = "lstavrakos.Physics-CalculatorTests";
				PRODUCT_NAME = "$(TARGET_NAME)";
				SWIFT_VERSION = 3.0;
				TEST_HOST = "$(BUILT_PRODUCTS_DIR)/Physics Calculator.app/Physics Calculator";
			};
			name = Release;
		};
		63C22F111F06CCF2005EFE87 /* Debug */ = {
			isa = XCBuildConfiguration;
			buildSettings = {
				ALWAYS_EMBED_SWIFT_STANDARD_LIBRARIES = YES;
				INFOPLIST_FILE = "Physics CalculatorUITests/Info.plist";
				LD_RUNPATH_SEARCH_PATHS = "$(inherited) @executable_path/Frameworks @loader_path/Frameworks";
				PRODUCT_BUNDLE_IDENTIFIER = "lstavrakos.Physics-CalculatorUITests";
				PRODUCT_NAME = "$(TARGET_NAME)";
				SWIFT_VERSION = 3.0;
				TEST_TARGET_NAME = "Physics Calculator";
			};
			name = Debug;
		};
		63C22F121F06CCF2005EFE87 /* Release */ = {
			isa = XCBuildConfiguration;
			buildSettings = {
				ALWAYS_EMBED_SWIFT_STANDARD_LIBRARIES = YES;
				INFOPLIST_FILE = "Physics CalculatorUITests/Info.plist";
				LD_RUNPATH_SEARCH_PATHS = "$(inherited) @executable_path/Frameworks @loader_path/Frameworks";
				PRODUCT_BUNDLE_IDENTIFIER = "lstavrakos.Physics-CalculatorUITests";
				PRODUCT_NAME = "$(TARGET_NAME)";
				SWIFT_VERSION = 3.0;
				TEST_TARGET_NAME = "Physics Calculator";
			};
			name = Release;
		};
/* End XCBuildConfiguration section */

/* Begin XCConfigurationList section */
		63C22EDD1F06CCF2005EFE87 /* Build configuration list for PBXProject "Physics Calculator" */ = {
			isa = XCConfigurationList;
			buildConfigurations = (
				63C22F081F06CCF2005EFE87 /* Debug */,
				63C22F091F06CCF2005EFE87 /* Release */,
			);
			defaultConfigurationIsVisible = 0;
			defaultConfigurationName = Release;
		};
		63C22F0A1F06CCF2005EFE87 /* Build configuration list for PBXNativeTarget "Physics Calculator" */ = {
			isa = XCConfigurationList;
			buildConfigurations = (
				63C22F0B1F06CCF2005EFE87 /* Debug */,
				63C22F0C1F06CCF2005EFE87 /* Release */,
			);
			defaultConfigurationIsVisible = 0;
		};
		63C22F0D1F06CCF2005EFE87 /* Build configuration list for PBXNativeTarget "Physics CalculatorTests" */ = {
			isa = XCConfigurationList;
			buildConfigurations = (
				63C22F0E1F06CCF2005EFE87 /* Debug */,
				63C22F0F1F06CCF2005EFE87 /* Release */,
			);
			defaultConfigurationIsVisible = 0;
		};
		63C22F101F06CCF2005EFE87 /* Build configuration list for PBXNativeTarget "Physics CalculatorUITests" */ = {
			isa = XCConfigurationList;
			buildConfigurations = (
				63C22F111F06CCF2005EFE87 /* Debug */,
				63C22F121F06CCF2005EFE87 /* Release */,
			);
			defaultConfigurationIsVisible = 0;
		};
/* End XCConfigurationList section */
	};
	rootObject = 63C22EDA1F06CCF2005EFE87 /* Project object */;
}
